
Microsoft Visual Studio Solution File, Format Version 12.00
# Visual Studio Version 16
VisualStudioVersion = 16.0.29102.190
MinimumVisualStudioVersion = 10.0.40219.1
Project("{FAE04EC0-301F-11D3-BF4B-00C04F79EFBC}") = "ColourToAlpha", "src\ColourToAlpha\ColourToAlpha.csproj", "{B6DE2036-BBA2-4FFE-89DA-6FE478F867FD}"
EndProject
Project("{FAE04EC0-301F-11D3-BF4B-00C04F79EFBC}") = "ColourToAlpha.Tests", "src\ColourToAlpha.Tests\ColourToAlpha.Tests.csproj", "{B34F494B-3C14-4B47-8AD3-5BF8B0973C67}"
EndProject
Global
	GlobalSection(SolutionConfigurationPlatforms) = preSolution
		Debug|Any CPU = Debug|Any CPU
		Release|Any CPU = Release|Any CPU
	EndGlobalSection
	GlobalSection(ProjectConfigurationPlatforms) = postSolution
		{B6DE2036-BBA2-4FFE-89DA-6FE478F867FD}.Debug|Any CPU.ActiveCfg = Debug|Any CPU
		{B6DE2036-BBA2-4FFE-89DA-6FE478F867FD}.Debug|Any CPU.Build.0 = Debug|Any CPU
		{B6DE2036-BBA2-4FFE-89DA-6FE478F867FD}.Release|Any CPU.ActiveCfg = Release|Any CPU
		{B6DE2036-BBA2-4FFE-89DA-6FE478F867FD}.Release|Any CPU.Build.0 = Release|Any CPU
		{B34F494B-3C14-4B47-8AD3-5BF8B0973C67}.Debug|Any CPU.ActiveCfg = Debug|Any CPU
		{B34F494B-3C14-4B47-8AD3-5BF8B0973C67}.Debug|Any CPU.Build.0 = Debug|Any CPU
		{B34F494B-3C14-4B47-8AD3-5BF8B0973C67}.Release|Any CPU.ActiveCfg = Release|Any CPU
		{B34F494B-3C14-4B47-8AD3-5BF8B0973C67}.Release|Any CPU.Build.0 = Release|Any CPU
	EndGlobalSection
	GlobalSection(SolutionProperties) = preSolution
		HideSolutionNode = FALSE
	EndGlobalSection
	GlobalSection(ExtensibilityGlobals) = postSolution
		SolutionGuid = {EB47733F-40AA-445A-A847-33183818A9AD}
	EndGlobalSection
EndGlobal
